
Microsoft Visual Studio Solution File, Format Version 12.00
# Visual Studio Version 17
VisualStudioVersion = 17.14.36705.20 d17.14
MinimumVisualStudioVersion = 10.0.40219.1
Project("{FAE04EC0-301F-11D3-BF4B-00C04F79EFBC}") = "HotelManagementSystem", "HotelManagementSystem.csproj", "{A7A05BE1-90B1-6BC3-D59B-A254274F14FB}"
EndProject
Global
	GlobalSection(SolutionConfigurationPlatforms) = preSolution
		Debug|Any CPU = Debug|Any CPU
		Release|Any CPU = Release|Any CPU
	EndGlobalSection
	GlobalSection(ProjectConfigurationPlatforms) = postSolution
		{A7A05BE1-90B1-6BC3-D59B-A254274F14FB}.Debug|Any CPU.ActiveCfg = Debug|Any CPU
		{A7A05BE1-90B1-6BC3-D59B-A254274F14FB}.Debug|Any CPU.Build.0 = Debug|Any CPU
		{A7A05BE1-90B1-6BC3-D59B-A254274F14FB}.Release|Any CPU.ActiveCfg = Release|Any CPU
		{A7A05BE1-90B1-6BC3-D59B-A254274F14FB}.Release|Any CPU.Build.0 = Release|Any CPU
	EndGlobalSection
	GlobalSection(SolutionProperties) = preSolution
		HideSolutionNode = FALSE
	EndGlobalSection
	GlobalSection(ExtensibilityGlobals) = postSolution
		SolutionGuid = {037D5574-F60D-4E1C-8045-A494F4294E1C}
	EndGlobalSection
EndGlobal
